{
    "version": 3,
    "terraform_version": "0.11.8",
    "serial": 3,
    "lineage": "32f50365-e44d-8435-52eb-589bbc5f662a",
    "modules": [
        {
            "path": [
                "root"
            ],
            "outputs": {},
            "resources": {
                "data.oci_identity_availability_domains.ADs": {
                    "type": "oci_identity_availability_domains",
                    "depends_on": [],
                    "primary": {
                        "id": "2019-05-12 04:39:42.76504 +0000 UTC",
                        "attributes": {
                            "availability_domains.#": "3",
                            "availability_domains.0.compartment_id": "ocid1.tenancy.oc1..aaaaaaaa5txfxrudc5ezitovlpjznw6b3l6sqvkzddepsfu4es2i4x2xyeia",
                            "availability_domains.0.name": "WSQk:US-ASHBURN-AD-1",
                            "availability_domains.1.compartment_id": "ocid1.tenancy.oc1..aaaaaaaa5txfxrudc5ezitovlpjznw6b3l6sqvkzddepsfu4es2i4x2xyeia",
                            "availability_domains.1.name": "WSQk:US-ASHBURN-AD-2",
                            "availability_domains.2.compartment_id": "ocid1.tenancy.oc1..aaaaaaaa5txfxrudc5ezitovlpjznw6b3l6sqvkzddepsfu4es2i4x2xyeia",
                            "availability_domains.2.name": "WSQk:US-ASHBURN-AD-3",
                            "compartment_id": "ocid1.tenancy.oc1..aaaaaaaa5txfxrudc5ezitovlpjznw6b3l6sqvkzddepsfu4es2i4x2xyeia",
                            "id": "2019-05-12 04:39:42.76504 +0000 UTC"
                        },
                        "meta": {},
                        "tainted": false
                    },
                    "deposed": [],
                    "provider": "provider.oci"
                },
                "oci_core_internet_gateway.tajIG": {
                    "type": "oci_core_internet_gateway",
                    "depends_on": [
                        "oci_core_virtual_network.tajVCN"
                    ],
                    "primary": {
                        "id": "ocid1.internetgateway.oc1.iad.aaaaaaaa6unduzbfmzb4fo6acjdkajrk5tj3nmk5gzpqx6xjja2qqkeygbva",
                        "attributes": {
                            "compartment_id": "ocid1.compartment.oc1..aaaaaaaah6bhuexqjierslp6reh5547abhetzvjjkwwotizuz2bmuaedgp4a",
                            "defined_tags.%": "0",
                            "display_name": "APEXig",
                            "enabled": "true",
                            "freeform_tags.%": "0",
                            "id": "ocid1.internetgateway.oc1.iad.aaaaaaaa6unduzbfmzb4fo6acjdkajrk5tj3nmk5gzpqx6xjja2qqkeygbva",
                            "state": "AVAILABLE",
                            "time_created": "2019-05-10 15:03:30.832 +0000 UTC",
                            "vcn_id": "ocid1.vcn.oc1.iad.aaaaaaaadwb257kv4vlbl62p5yhqmnipwyulob6kyywft3tm62mwa4dcotza"
                        },
                        "meta": {
                            "e2bfb730-ecaa-11e6-8f88-34363bc7c4c0": {
                                "create": 900000000000,
                                "delete": 900000000000,
                                "update": 900000000000
                            }
                        },
                        "tainted": false
                    },
                    "deposed": [],
                    "provider": "provider.oci"
                },
                "oci_core_route_table.tajRT": {
                    "type": "oci_core_route_table",
                    "depends_on": [
                        "oci_core_internet_gateway.tajIG",
                        "oci_core_virtual_network.tajVCN"
                    ],
                    "primary": {
                        "id": "ocid1.routetable.oc1.iad.aaaaaaaavnhy2skngtdtgvlirlsi6kyc5pmfh72aekevsmcl5y34n4vf7bda",
                        "attributes": {
                            "compartment_id": "ocid1.compartment.oc1..aaaaaaaah6bhuexqjierslp6reh5547abhetzvjjkwwotizuz2bmuaedgp4a",
                            "defined_tags.%": "0",
                            "display_name": "APEXrt",
                            "freeform_tags.%": "0",
                            "id": "ocid1.routetable.oc1.iad.aaaaaaaavnhy2skngtdtgvlirlsi6kyc5pmfh72aekevsmcl5y34n4vf7bda",
                            "route_rules.#": "1",
                            "route_rules.594400620.cidr_block": "",
                            "route_rules.594400620.destination": "0.0.0.0/0",
                            "route_rules.594400620.destination_type": "CIDR_BLOCK",
                            "route_rules.594400620.network_entity_id": "ocid1.internetgateway.oc1.iad.aaaaaaaa6unduzbfmzb4fo6acjdkajrk5tj3nmk5gzpqx6xjja2qqkeygbva",
                            "state": "AVAILABLE",
                            "time_created": "2019-05-10 15:03:32.325 +0000 UTC",
                            "vcn_id": "ocid1.vcn.oc1.iad.aaaaaaaadwb257kv4vlbl62p5yhqmnipwyulob6kyywft3tm62mwa4dcotza"
                        },
                        "meta": {
                            "e2bfb730-ecaa-11e6-8f88-34363bc7c4c0": {
                                "create": 900000000000,
                                "delete": 900000000000,
                                "update": 900000000000
                            }
                        },
                        "tainted": false
                    },
                    "deposed": [],
                    "provider": "provider.oci"
                },
                "oci_core_security_list.tajSL": {
                    "type": "oci_core_security_list",
                    "depends_on": [
                        "oci_core_virtual_network.tajVCN"
                    ],
                    "primary": {
                        "id": "ocid1.securitylist.oc1.iad.aaaaaaaawnvxfam4dxfpvyj22ipglii227kcivuff6nbeetuel7gh5523yqq",
                        "attributes": {
                            "compartment_id": "ocid1.compartment.oc1..aaaaaaaah6bhuexqjierslp6reh5547abhetzvjjkwwotizuz2bmuaedgp4a",
                            "defined_tags.%": "0",
                            "display_name": "APEXsl",
                            "egress_security_rules.#": "1",
                            "egress_security_rules.1582479153.destination": "0.0.0.0/0",
                            "egress_security_rules.1582479153.destination_type": "CIDR_BLOCK",
                            "egress_security_rules.1582479153.icmp_options.#": "0",
                            "egress_security_rules.1582479153.protocol": "all",
                            "egress_security_rules.1582479153.stateless": "false",
                            "egress_security_rules.1582479153.tcp_options.#": "0",
                            "egress_security_rules.1582479153.udp_options.#": "0",
                            "freeform_tags.%": "0",
                            "id": "ocid1.securitylist.oc1.iad.aaaaaaaawnvxfam4dxfpvyj22ipglii227kcivuff6nbeetuel7gh5523yqq",
                            "ingress_security_rules.#": "7",
                            "ingress_security_rules.1229460879.icmp_options.#": "0",
                            "ingress_security_rules.1229460879.protocol": "6",
                            "ingress_security_rules.1229460879.source": "0.0.0.0/0",
                            "ingress_security_rules.1229460879.source_type": "CIDR_BLOCK",
                            "ingress_security_rules.1229460879.stateless": "false",
                            "ingress_security_rules.1229460879.tcp_options.#": "1",
                            "ingress_security_rules.1229460879.tcp_options.0.max": "2222",
                            "ingress_security_rules.1229460879.tcp_options.0.min": "2222",
                            "ingress_security_rules.1229460879.tcp_options.0.source_port_range.#": "0",
                            "ingress_security_rules.1229460879.udp_options.#": "0",
                            "ingress_security_rules.1277982996.icmp_options.#": "1",
                            "ingress_security_rules.1277982996.icmp_options.0.code": "4",
                            "ingress_security_rules.1277982996.icmp_options.0.type": "3",
                            "ingress_security_rules.1277982996.protocol": "1",
                            "ingress_security_rules.1277982996.source": "0.0.0.0/0",
                            "ingress_security_rules.1277982996.source_type": "CIDR_BLOCK",
                            "ingress_security_rules.1277982996.stateless": "false",
                            "ingress_security_rules.1277982996.tcp_options.#": "0",
                            "ingress_security_rules.1277982996.udp_options.#": "0",
                            "ingress_security_rules.2849740639.icmp_options.#": "0",
                            "ingress_security_rules.2849740639.protocol": "6",
                            "ingress_security_rules.2849740639.source": "0.0.0.0/0",
                            "ingress_security_rules.2849740639.source_type": "CIDR_BLOCK",
                            "ingress_security_rules.2849740639.stateless": "false",
                            "ingress_security_rules.2849740639.tcp_options.#": "1",
                            "ingress_security_rules.2849740639.tcp_options.0.max": "8080",
                            "ingress_security_rules.2849740639.tcp_options.0.min": "8080",
                            "ingress_security_rules.2849740639.tcp_options.0.source_port_range.#": "0",
                            "ingress_security_rules.2849740639.udp_options.#": "0",
                            "ingress_security_rules.3861548008.icmp_options.#": "0",
                            "ingress_security_rules.3861548008.protocol": "6",
                            "ingress_security_rules.3861548008.source": "0.0.0.0/0",
                            "ingress_security_rules.3861548008.source_type": "CIDR_BLOCK",
                            "ingress_security_rules.3861548008.stateless": "false",
                            "ingress_security_rules.3861548008.tcp_options.#": "1",
                            "ingress_security_rules.3861548008.tcp_options.0.max": "80",
                            "ingress_security_rules.3861548008.tcp_options.0.min": "80",
                            "ingress_security_rules.3861548008.tcp_options.0.source_port_range.#": "0",
                            "ingress_security_rules.3861548008.udp_options.#": "0",
                            "ingress_security_rules.47193274.icmp_options.#": "0",
                            "ingress_security_rules.47193274.protocol": "6",
                            "ingress_security_rules.47193274.source": "0.0.0.0/0",
                            "ingress_security_rules.47193274.source_type": "CIDR_BLOCK",
                            "ingress_security_rules.47193274.stateless": "false",
                            "ingress_security_rules.47193274.tcp_options.#": "1",
                            "ingress_security_rules.47193274.tcp_options.0.max": "22",
                            "ingress_security_rules.47193274.tcp_options.0.min": "22",
                            "ingress_security_rules.47193274.tcp_options.0.source_port_range.#": "0",
                            "ingress_security_rules.47193274.udp_options.#": "0",
                            "ingress_security_rules.746707399.icmp_options.#": "0",
                            "ingress_security_rules.746707399.protocol": "6",
                            "ingress_security_rules.746707399.source": "0.0.0.0/0",
                            "ingress_security_rules.746707399.source_type": "CIDR_BLOCK",
                            "ingress_security_rules.746707399.stateless": "false",
                            "ingress_security_rules.746707399.tcp_options.#": "1",
                            "ingress_security_rules.746707399.tcp_options.0.max": "8888",
                            "ingress_security_rules.746707399.tcp_options.0.min": "8888",
                            "ingress_security_rules.746707399.tcp_options.0.source_port_range.#": "0",
                            "ingress_security_rules.746707399.udp_options.#": "0",
                            "ingress_security_rules.918525990.icmp_options.#": "1",
                            "ingress_security_rules.918525990.icmp_options.0.code": "4",
                            "ingress_security_rules.918525990.icmp_options.0.type": "3",
                            "ingress_security_rules.918525990.protocol": "1",
                            "ingress_security_rules.918525990.source": "10.0.0.0/16",
                            "ingress_security_rules.918525990.source_type": "CIDR_BLOCK",
                            "ingress_security_rules.918525990.stateless": "false",
                            "ingress_security_rules.918525990.tcp_options.#": "0",
                            "ingress_security_rules.918525990.udp_options.#": "0",
                            "state": "AVAILABLE",
                            "time_created": "2019-05-10 15:03:29.183 +0000 UTC",
                            "vcn_id": "ocid1.vcn.oc1.iad.aaaaaaaadwb257kv4vlbl62p5yhqmnipwyulob6kyywft3tm62mwa4dcotza"
                        },
                        "meta": {
                            "e2bfb730-ecaa-11e6-8f88-34363bc7c4c0": {
                                "create": 900000000000,
                                "delete": 900000000000,
                                "update": 900000000000
                            }
                        },
                        "tainted": false
                    },
                    "deposed": [],
                    "provider": "provider.oci"
                },
                "oci_core_subnet.tajSN": {
                    "type": "oci_core_subnet",
                    "depends_on": [
                        "data.oci_identity_availability_domains.ADs",
                        "oci_core_route_table.tajRT",
                        "oci_core_security_list.tajSL",
                        "oci_core_virtual_network.tajVCN"
                    ],
                    "primary": {
                        "id": "ocid1.subnet.oc1.iad.aaaaaaaaxroruxjwnxogfdb5wm7iofrxoam4z6prmr4q7q4vhoid7iwa23tq",
                        "attributes": {
                            "availability_domain": "WSQk:US-ASHBURN-AD-2",
                            "cidr_block": "10.1.20.0/24",
                            "compartment_id": "ocid1.compartment.oc1..aaaaaaaah6bhuexqjierslp6reh5547abhetzvjjkwwotizuz2bmuaedgp4a",
                            "defined_tags.%": "0",
                            "dhcp_options_id": "ocid1.dhcpoptions.oc1.iad.aaaaaaaambpno72esrxqm4s4wygvliug2rry6n5xw6t2yratknlbrox6mzra",
                            "display_name": "tajSN",
                            "dns_label": "apexsn",
                            "freeform_tags.%": "0",
                            "id": "ocid1.subnet.oc1.iad.aaaaaaaaxroruxjwnxogfdb5wm7iofrxoam4z6prmr4q7q4vhoid7iwa23tq",
                            "prohibit_public_ip_on_vnic": "false",
                            "route_table_id": "ocid1.routetable.oc1.iad.aaaaaaaavnhy2skngtdtgvlirlsi6kyc5pmfh72aekevsmcl5y34n4vf7bda",
                            "security_list_ids.#": "1",
                            "security_list_ids.2859515028": "ocid1.securitylist.oc1.iad.aaaaaaaawnvxfam4dxfpvyj22ipglii227kcivuff6nbeetuel7gh5523yqq",
                            "state": "AVAILABLE",
                            "subnet_domain_name": "apexsn.tajvcn.oraclevcn.com",
                            "time_created": "2019-05-10 15:03:32.854 +0000 UTC",
                            "vcn_id": "ocid1.vcn.oc1.iad.aaaaaaaadwb257kv4vlbl62p5yhqmnipwyulob6kyywft3tm62mwa4dcotza",
                            "virtual_router_ip": "10.1.20.1",
                            "virtual_router_mac": "00:00:17:37:C7:29"
                        },
                        "meta": {
                            "e2bfb730-ecaa-11e6-8f88-34363bc7c4c0": {
                                "create": 900000000000,
                                "delete": 900000000000,
                                "update": 900000000000
                            }
                        },
                        "tainted": false
                    },
                    "deposed": [],
                    "provider": "provider.oci"
                },
                "oci_core_virtual_network.tajVCN": {
                    "type": "oci_core_virtual_network",
                    "depends_on": [],
                    "primary": {
                        "id": "ocid1.vcn.oc1.iad.aaaaaaaadwb257kv4vlbl62p5yhqmnipwyulob6kyywft3tm62mwa4dcotza",
                        "attributes": {
                            "cidr_block": "10.1.0.0/16",
                            "compartment_id": "ocid1.compartment.oc1..aaaaaaaah6bhuexqjierslp6reh5547abhetzvjjkwwotizuz2bmuaedgp4a",
                            "default_dhcp_options_id": "ocid1.dhcpoptions.oc1.iad.aaaaaaaambpno72esrxqm4s4wygvliug2rry6n5xw6t2yratknlbrox6mzra",
                            "default_route_table_id": "ocid1.routetable.oc1.iad.aaaaaaaape3liaanaokf57igcjvkl6unxyqfxadid7tobhz5h465v4iquwha",
                            "default_security_list_id": "ocid1.securitylist.oc1.iad.aaaaaaaabwdbkyicdssgel4y25ao4p3jcgvabcvrv3huklq5b355vloyqsua",
                            "defined_tags.%": "0",
                            "display_name": "APEXvcn",
                            "dns_label": "tajvcn",
                            "freeform_tags.%": "0",
                            "id": "ocid1.vcn.oc1.iad.aaaaaaaadwb257kv4vlbl62p5yhqmnipwyulob6kyywft3tm62mwa4dcotza",
                            "state": "AVAILABLE",
                            "time_created": "2019-05-10 15:03:28.674 +0000 UTC",
                            "vcn_domain_name": "tajvcn.oraclevcn.com"
                        },
                        "meta": {
                            "e2bfb730-ecaa-11e6-8f88-34363bc7c4c0": {
                                "create": 900000000000,
                                "delete": 900000000000,
                                "update": 900000000000
                            }
                        },
                        "tainted": false
                    },
                    "deposed": [],
                    "provider": "provider.oci"
                }
            },
            "depends_on": []
        }
    ]
}
