{
    "version": 3,
    "terraform_version": "0.11.8",
    "serial": 7,
    "lineage": "120d89eb-87ce-0b86-2afa-161a32fff409",
    "modules": [
        {
            "path": [
                "root"
            ],
            "outputs": {},
            "resources": {
                "data.oci_identity_availability_domains.ADs": {
                    "type": "oci_identity_availability_domains",
                    "depends_on": [],
                    "primary": {
                        "id": "2019-04-08 15:34:08.643397 +0000 UTC",
                        "attributes": {
                            "availability_domains.#": "3",
                            "availability_domains.0.compartment_id": "ocid1.tenancy.oc1..aaaaaaaa5txfxrudc5ezitovlpjznw6b3l6sqvkzddepsfu4es2i4x2xyeia",
                            "availability_domains.0.name": "WSQk:US-ASHBURN-AD-1",
                            "availability_domains.1.compartment_id": "ocid1.tenancy.oc1..aaaaaaaa5txfxrudc5ezitovlpjznw6b3l6sqvkzddepsfu4es2i4x2xyeia",
                            "availability_domains.1.name": "WSQk:US-ASHBURN-AD-2",
                            "availability_domains.2.compartment_id": "ocid1.tenancy.oc1..aaaaaaaa5txfxrudc5ezitovlpjznw6b3l6sqvkzddepsfu4es2i4x2xyeia",
                            "availability_domains.2.name": "WSQk:US-ASHBURN-AD-3",
                            "compartment_id": "ocid1.tenancy.oc1..aaaaaaaa5txfxrudc5ezitovlpjznw6b3l6sqvkzddepsfu4es2i4x2xyeia",
                            "id": "2019-04-08 15:34:08.643397 +0000 UTC"
                        },
                        "meta": {},
                        "tainted": false
                    },
                    "deposed": [],
                    "provider": "provider.oci"
                },
                "oci_core_instance.tajVM": {
                    "type": "oci_core_instance",
                    "depends_on": [
                        "data.oci_identity_availability_domains.ADs",
                        "oci_core_subnet.tajSN"
                    ],
                    "primary": {
                        "id": "ocid1.instance.oc1.iad.abuwcljrfjrfujny37hftnxlkxyvgltl3jhzpwndga35nflybit4h4a3j5uq",
                        "attributes": {
                            "availability_domain": "WSQk:US-ASHBURN-AD-2",
                            "boot_volume_id": "ocid1.bootvolume.oc1.iad.abuwcljr3xpb3ouk4dys2ur72z3pdi3cmflkoxpzz2y76uhykesivw5jfreq",
                            "compartment_id": "ocid1.compartment.oc1..aaaaaaaaseo4aolyjd5ndfifkexmsu3bfweiko2to74lbru6x4djkmzz2d5q",
                            "create_vnic_details.#": "1",
                            "create_vnic_details.0.assign_public_ip": "true",
                            "create_vnic_details.0.defined_tags.%": "0",
                            "create_vnic_details.0.display_name": "primaryvnic",
                            "create_vnic_details.0.freeform_tags.%": "0",
                            "create_vnic_details.0.hostname_label": "tajvm",
                            "create_vnic_details.0.private_ip": "10.1.20.2",
                            "create_vnic_details.0.skip_source_dest_check": "false",
                            "create_vnic_details.0.subnet_id": "ocid1.subnet.oc1.iad.aaaaaaaapjaxzs3k7pcd5bjjdefgl3pgzyzznnxfqvw3rvf3rq2gqjat7yba",
                            "defined_tags.%": "0",
                            "display_name": "tajVM",
                            "fault_domain": "FAULT-DOMAIN-1",
                            "freeform_tags.%": "0",
                            "hostname_label": "tajvm",
                            "id": "ocid1.instance.oc1.iad.abuwcljrfjrfujny37hftnxlkxyvgltl3jhzpwndga35nflybit4h4a3j5uq",
                            "image": "ocid1.image.oc1.iad.aaaaaaaavzrrzlq2zvj5fd5c27jed7fwou5aqkezxbtmys4aolls54zg7f7q",
                            "launch_mode": "NATIVE",
                            "launch_options.#": "1",
                            "launch_options.0.boot_volume_type": "PARAVIRTUALIZED",
                            "launch_options.0.firmware": "UEFI_64",
                            "launch_options.0.network_type": "VFIO",
                            "launch_options.0.remote_data_volume_type": "PARAVIRTUALIZED",
                            "metadata.%": "2",
                            "metadata.ssh_authorized_keys": "ssh-rsa AAAAB3NzaC1yc2EAAAADAQABAAABAQC4cDLxyckU2hPenR56aaTIy0lthVTKbrm4LImhNKQKIZN3JmaWfTd6RmzJk2XuBnxZH0VLU2rlI3Et++tvD/FMrBxn1HQWfCZjfM1gTsZJKnFc9Ows14H7u/ux+QRZDT57077CUcYna0iKTh7yEeH4f+ekrdQP4z7Ui82b8iFO0p0khvvlwzTTMP5Vqj2Q5XN5jVGYzYi2LjwLYZVVUgv5SkVRYWzV9msFlO4+mVUH096rCWtiGV0vfMEfueie48YHAIObb1UERgUbhHoLaKjuwL3InFZCQc4Xtcx9pqx5znTgc5k6ZjmuHS5jzLxV5qdid0zXERUwWLAET23X0MuX jushahid@Junaids-MacBook-Pro.local",
                            "metadata.user_data": "IyAjIS9iaW4vYmFzaA0KIyB0b3VjaCAvcm9vdC9zdGFydGluZ19ydW4NCiMgeXVtIHVwZGF0ZSAteQ0KIyB0b3VjaCAvcm9vdC9ydW5fY29tcGxldGUNCg==",
                            "private_ip": "10.1.20.2",
                            "public_ip": "129.213.87.175",
                            "region": "iad",
                            "shape": "VM.Standard2.1",
                            "source_details.#": "1",
                            "source_details.0.boot_volume_size_in_gbs": "47",
                            "source_details.0.source_id": "ocid1.image.oc1.iad.aaaaaaaavzrrzlq2zvj5fd5c27jed7fwou5aqkezxbtmys4aolls54zg7f7q",
                            "source_details.0.source_type": "image",
                            "state": "RUNNING",
                            "subnet_id": "ocid1.subnet.oc1.iad.aaaaaaaapjaxzs3k7pcd5bjjdefgl3pgzyzznnxfqvw3rvf3rq2gqjat7yba",
                            "time_created": "2019-04-08 15:34:12.986 +0000 UTC"
                        },
                        "meta": {
                            "e2bfb730-ecaa-11e6-8f88-34363bc7c4c0": {
                                "create": 3600000000000,
                                "delete": 7200000000000,
                                "update": 7200000000000
                            }
                        },
                        "tainted": false
                    },
                    "deposed": [],
                    "provider": "provider.oci"
                },
                "oci_core_internet_gateway.tajIG": {
                    "type": "oci_core_internet_gateway",
                    "depends_on": [
                        "oci_core_virtual_network.tajVCN"
                    ],
                    "primary": {
                        "id": "ocid1.internetgateway.oc1.iad.aaaaaaaazb5kifrmqdgkvygxx7duf2daxuxgstelkb4mxernh5akamxgzdqq",
                        "attributes": {
                            "compartment_id": "ocid1.compartment.oc1..aaaaaaaaseo4aolyjd5ndfifkexmsu3bfweiko2to74lbru6x4djkmzz2d5q",
                            "defined_tags.%": "0",
                            "display_name": "tajIG",
                            "enabled": "true",
                            "freeform_tags.%": "0",
                            "id": "ocid1.internetgateway.oc1.iad.aaaaaaaazb5kifrmqdgkvygxx7duf2daxuxgstelkb4mxernh5akamxgzdqq",
                            "state": "AVAILABLE",
                            "time_created": "2019-04-08 15:34:10.538 +0000 UTC",
                            "vcn_id": "ocid1.vcn.oc1.iad.aaaaaaaaxespvoawdrecb7z2ri36522kmikdxhgua7jbyu5cfgyyxrccr34a"
                        },
                        "meta": {
                            "e2bfb730-ecaa-11e6-8f88-34363bc7c4c0": {
                                "create": 900000000000,
                                "delete": 900000000000,
                                "update": 900000000000
                            }
                        },
                        "tainted": false
                    },
                    "deposed": [],
                    "provider": "provider.oci"
                },
                "oci_core_route_table.tajRT": {
                    "type": "oci_core_route_table",
                    "depends_on": [
                        "oci_core_internet_gateway.tajIG",
                        "oci_core_virtual_network.tajVCN"
                    ],
                    "primary": {
                        "id": "ocid1.routetable.oc1.iad.aaaaaaaabythts7j6yl4yl4e2namcps5jahtut2n2xfuta7hwqx6gyx4x65q",
                        "attributes": {
                            "compartment_id": "ocid1.compartment.oc1..aaaaaaaaseo4aolyjd5ndfifkexmsu3bfweiko2to74lbru6x4djkmzz2d5q",
                            "defined_tags.%": "0",
                            "display_name": "tajRT",
                            "freeform_tags.%": "0",
                            "id": "ocid1.routetable.oc1.iad.aaaaaaaabythts7j6yl4yl4e2namcps5jahtut2n2xfuta7hwqx6gyx4x65q",
                            "route_rules.#": "1",
                            "route_rules.2923389956.cidr_block": "0.0.0.0/0",
                            "route_rules.2923389956.destination": "0.0.0.0/0",
                            "route_rules.2923389956.destination_type": "CIDR_BLOCK",
                            "route_rules.2923389956.network_entity_id": "ocid1.internetgateway.oc1.iad.aaaaaaaazb5kifrmqdgkvygxx7duf2daxuxgstelkb4mxernh5akamxgzdqq",
                            "state": "AVAILABLE",
                            "time_created": "2019-04-08 15:34:11.027 +0000 UTC",
                            "vcn_id": "ocid1.vcn.oc1.iad.aaaaaaaaxespvoawdrecb7z2ri36522kmikdxhgua7jbyu5cfgyyxrccr34a"
                        },
                        "meta": {
                            "e2bfb730-ecaa-11e6-8f88-34363bc7c4c0": {
                                "create": 900000000000,
                                "delete": 900000000000,
                                "update": 900000000000
                            }
                        },
                        "tainted": false
                    },
                    "deposed": [],
                    "provider": "provider.oci"
                },
                "oci_core_subnet.tajSN": {
                    "type": "oci_core_subnet",
                    "depends_on": [
                        "data.oci_identity_availability_domains.ADs",
                        "oci_core_route_table.tajRT",
                        "oci_core_virtual_network.tajVCN"
                    ],
                    "primary": {
                        "id": "ocid1.subnet.oc1.iad.aaaaaaaapjaxzs3k7pcd5bjjdefgl3pgzyzznnxfqvw3rvf3rq2gqjat7yba",
                        "attributes": {
                            "availability_domain": "WSQk:US-ASHBURN-AD-2",
                            "cidr_block": "10.1.20.0/24",
                            "compartment_id": "ocid1.compartment.oc1..aaaaaaaaseo4aolyjd5ndfifkexmsu3bfweiko2to74lbru6x4djkmzz2d5q",
                            "defined_tags.%": "0",
                            "dhcp_options_id": "ocid1.dhcpoptions.oc1.iad.aaaaaaaavv7lvxtftsk2zy7fwcksxrztnukn3hwqoc6l4sgblgyajtukoi3a",
                            "display_name": "tajSN",
                            "dns_label": "tajsn",
                            "freeform_tags.%": "0",
                            "id": "ocid1.subnet.oc1.iad.aaaaaaaapjaxzs3k7pcd5bjjdefgl3pgzyzznnxfqvw3rvf3rq2gqjat7yba",
                            "prohibit_public_ip_on_vnic": "false",
                            "route_table_id": "ocid1.routetable.oc1.iad.aaaaaaaabythts7j6yl4yl4e2namcps5jahtut2n2xfuta7hwqx6gyx4x65q",
                            "security_list_ids.#": "1",
                            "security_list_ids.1394389226": "ocid1.securitylist.oc1.iad.aaaaaaaajikyzp5kgrlbfgsbzwmgqp4grroj2tx6hwtgnvtibipovxq53wma",
                            "state": "AVAILABLE",
                            "subnet_domain_name": "tajsn.tajvcn.oraclevcn.com",
                            "time_created": "2019-04-08 15:34:11.647 +0000 UTC",
                            "vcn_id": "ocid1.vcn.oc1.iad.aaaaaaaaxespvoawdrecb7z2ri36522kmikdxhgua7jbyu5cfgyyxrccr34a",
                            "virtual_router_ip": "10.1.20.1",
                            "virtual_router_mac": "00:00:17:AC:10:88"
                        },
                        "meta": {
                            "e2bfb730-ecaa-11e6-8f88-34363bc7c4c0": {
                                "create": 900000000000,
                                "delete": 900000000000,
                                "update": 900000000000
                            }
                        },
                        "tainted": false
                    },
                    "deposed": [],
                    "provider": "provider.oci"
                },
                "oci_core_virtual_network.tajVCN": {
                    "type": "oci_core_virtual_network",
                    "depends_on": [],
                    "primary": {
                        "id": "ocid1.vcn.oc1.iad.aaaaaaaaxespvoawdrecb7z2ri36522kmikdxhgua7jbyu5cfgyyxrccr34a",
                        "attributes": {
                            "cidr_block": "10.1.0.0/16",
                            "compartment_id": "ocid1.compartment.oc1..aaaaaaaaseo4aolyjd5ndfifkexmsu3bfweiko2to74lbru6x4djkmzz2d5q",
                            "default_dhcp_options_id": "ocid1.dhcpoptions.oc1.iad.aaaaaaaavv7lvxtftsk2zy7fwcksxrztnukn3hwqoc6l4sgblgyajtukoi3a",
                            "default_route_table_id": "ocid1.routetable.oc1.iad.aaaaaaaamebqbfajwuumcegu5v3tcwq5wrr73h3nrjt2mhlrqdb4kbonjumq",
                            "default_security_list_id": "ocid1.securitylist.oc1.iad.aaaaaaaajikyzp5kgrlbfgsbzwmgqp4grroj2tx6hwtgnvtibipovxq53wma",
                            "defined_tags.%": "0",
                            "display_name": "tajVCN",
                            "dns_label": "tajvcn",
                            "freeform_tags.%": "0",
                            "id": "ocid1.vcn.oc1.iad.aaaaaaaaxespvoawdrecb7z2ri36522kmikdxhgua7jbyu5cfgyyxrccr34a",
                            "state": "AVAILABLE",
                            "time_created": "2019-04-08 15:34:10.016 +0000 UTC",
                            "vcn_domain_name": "tajvcn.oraclevcn.com"
                        },
                        "meta": {
                            "e2bfb730-ecaa-11e6-8f88-34363bc7c4c0": {
                                "create": 900000000000,
                                "delete": 900000000000,
                                "update": 900000000000
                            }
                        },
                        "tainted": false
                    },
                    "deposed": [],
                    "provider": "provider.oci"
                }
            },
            "depends_on": []
        }
    ]
}
