{
    "version": 3,
    "terraform_version": "0.11.8",
    "serial": 7,
    "lineage": "4de8766c-f4a1-9d63-56a0-f7cf63555421",
    "modules": [
        {
            "path": [
                "root"
            ],
            "outputs": {},
            "resources": {
                "data.oci_identity_availability_domains.ADs": {
                    "type": "oci_identity_availability_domains",
                    "depends_on": [],
                    "primary": {
                        "id": "2019-04-04 14:12:00.924512 +0000 UTC",
                        "attributes": {
                            "availability_domains.#": "3",
                            "availability_domains.0.compartment_id": "ocid1.tenancy.oc1..aaaaaaaa5txfxrudc5ezitovlpjznw6b3l6sqvkzddepsfu4es2i4x2xyeia",
                            "availability_domains.0.name": "WSQk:US-ASHBURN-AD-1",
                            "availability_domains.1.compartment_id": "ocid1.tenancy.oc1..aaaaaaaa5txfxrudc5ezitovlpjznw6b3l6sqvkzddepsfu4es2i4x2xyeia",
                            "availability_domains.1.name": "WSQk:US-ASHBURN-AD-2",
                            "availability_domains.2.compartment_id": "ocid1.tenancy.oc1..aaaaaaaa5txfxrudc5ezitovlpjznw6b3l6sqvkzddepsfu4es2i4x2xyeia",
                            "availability_domains.2.name": "WSQk:US-ASHBURN-AD-3",
                            "compartment_id": "ocid1.tenancy.oc1..aaaaaaaa5txfxrudc5ezitovlpjznw6b3l6sqvkzddepsfu4es2i4x2xyeia",
                            "id": "2019-04-04 14:12:00.924512 +0000 UTC"
                        },
                        "meta": {},
                        "tainted": false
                    },
                    "deposed": [],
                    "provider": "provider.oci"
                },
                "oci_core_instance.tajVM": {
                    "type": "oci_core_instance",
                    "depends_on": [
                        "data.oci_identity_availability_domains.ADs",
                        "oci_core_subnet.tajSN"
                    ],
                    "primary": {
                        "id": "ocid1.instance.oc1.iad.abuwcljtudp7trip6idfeosfliaaxopi4mmeujseqhvfe2kdclhvxely2p4a",
                        "attributes": {
                            "availability_domain": "WSQk:US-ASHBURN-AD-1",
                            "boot_volume_id": "ocid1.bootvolume.oc1.iad.abuwcljtotaccgrawl3inss4p5or6uua3ibq5qwqiaqvi5g26asmbexljjuq",
                            "compartment_id": "ocid1.compartment.oc1..aaaaaaaah6bhuexqjierslp6reh5547abhetzvjjkwwotizuz2bmuaedgp4a",
                            "create_vnic_details.#": "1",
                            "create_vnic_details.0.assign_public_ip": "true",
                            "create_vnic_details.0.defined_tags.%": "0",
                            "create_vnic_details.0.display_name": "primaryvnic",
                            "create_vnic_details.0.freeform_tags.%": "0",
                            "create_vnic_details.0.hostname_label": "tajvm",
                            "create_vnic_details.0.private_ip": "10.1.20.2",
                            "create_vnic_details.0.skip_source_dest_check": "false",
                            "create_vnic_details.0.subnet_id": "ocid1.subnet.oc1.iad.aaaaaaaah2dsaxh4tdmoyjvua4oqey2etfqxfwe4g3uxwo3toazdnnertfoq",
                            "defined_tags.%": "0",
                            "display_name": "tajVM",
                            "fault_domain": "FAULT-DOMAIN-3",
                            "freeform_tags.%": "0",
                            "hostname_label": "tajvm",
                            "id": "ocid1.instance.oc1.iad.abuwcljtudp7trip6idfeosfliaaxopi4mmeujseqhvfe2kdclhvxely2p4a",
                            "image": "ocid1.image.oc1.iad.aaaaaaaavzrrzlq2zvj5fd5c27jed7fwou5aqkezxbtmys4aolls54zg7f7q",
                            "launch_mode": "NATIVE",
                            "launch_options.#": "1",
                            "launch_options.0.boot_volume_type": "PARAVIRTUALIZED",
                            "launch_options.0.firmware": "UEFI_64",
                            "launch_options.0.network_type": "VFIO",
                            "launch_options.0.remote_data_volume_type": "PARAVIRTUALIZED",
                            "metadata.%": "0",
                            "private_ip": "10.1.20.2",
                            "public_ip": "132.145.171.120",
                            "region": "iad",
                            "shape": "VM.Standard2.1",
                            "source_details.#": "1",
                            "source_details.0.boot_volume_size_in_gbs": "47",
                            "source_details.0.source_id": "ocid1.image.oc1.iad.aaaaaaaavzrrzlq2zvj5fd5c27jed7fwou5aqkezxbtmys4aolls54zg7f7q",
                            "source_details.0.source_type": "image",
                            "state": "RUNNING",
                            "subnet_id": "ocid1.subnet.oc1.iad.aaaaaaaah2dsaxh4tdmoyjvua4oqey2etfqxfwe4g3uxwo3toazdnnertfoq",
                            "time_created": "2019-04-04 14:12:03.679 +0000 UTC"
                        },
                        "meta": {
                            "e2bfb730-ecaa-11e6-8f88-34363bc7c4c0": {
                                "create": 7200000000000,
                                "delete": 7200000000000,
                                "update": 7200000000000
                            }
                        },
                        "tainted": false
                    },
                    "deposed": [],
                    "provider": "provider.oci"
                },
                "oci_core_internet_gateway.tajIG": {
                    "type": "oci_core_internet_gateway",
                    "depends_on": [
                        "oci_core_virtual_network.tajVCN"
                    ],
                    "primary": {
                        "id": "ocid1.internetgateway.oc1.iad.aaaaaaaaq7qhfi6ixd4zjutdmb6mns7orazkdfes5lj27rkb2gjweyaf6mia",
                        "attributes": {
                            "compartment_id": "ocid1.compartment.oc1..aaaaaaaah6bhuexqjierslp6reh5547abhetzvjjkwwotizuz2bmuaedgp4a",
                            "defined_tags.%": "0",
                            "display_name": "tajIG",
                            "enabled": "true",
                            "freeform_tags.%": "0",
                            "id": "ocid1.internetgateway.oc1.iad.aaaaaaaaq7qhfi6ixd4zjutdmb6mns7orazkdfes5lj27rkb2gjweyaf6mia",
                            "state": "AVAILABLE",
                            "time_created": "2019-04-04 14:07:50.998 +0000 UTC",
                            "vcn_id": "ocid1.vcn.oc1.iad.aaaaaaaahn5g5higwdin7msakbpw2madq7ifuist6ufegzmqiecpyivus7ha"
                        },
                        "meta": {
                            "e2bfb730-ecaa-11e6-8f88-34363bc7c4c0": {
                                "create": 900000000000,
                                "delete": 900000000000,
                                "update": 900000000000
                            }
                        },
                        "tainted": false
                    },
                    "deposed": [],
                    "provider": "provider.oci"
                },
                "oci_core_route_table.tajRT": {
                    "type": "oci_core_route_table",
                    "depends_on": [
                        "oci_core_internet_gateway.tajIG",
                        "oci_core_virtual_network.tajVCN"
                    ],
                    "primary": {
                        "id": "ocid1.routetable.oc1.iad.aaaaaaaauyoptgmndgxgqtcgtqzjofkfrfqxnyht6373ejmuy3y4xfamvphq",
                        "attributes": {
                            "compartment_id": "ocid1.compartment.oc1..aaaaaaaah6bhuexqjierslp6reh5547abhetzvjjkwwotizuz2bmuaedgp4a",
                            "defined_tags.%": "0",
                            "display_name": "tajRT",
                            "freeform_tags.%": "0",
                            "id": "ocid1.routetable.oc1.iad.aaaaaaaauyoptgmndgxgqtcgtqzjofkfrfqxnyht6373ejmuy3y4xfamvphq",
                            "route_rules.#": "1",
                            "route_rules.1017896965.cidr_block": "0.0.0.0/0",
                            "route_rules.1017896965.destination": "0.0.0.0/0",
                            "route_rules.1017896965.destination_type": "CIDR_BLOCK",
                            "route_rules.1017896965.network_entity_id": "ocid1.internetgateway.oc1.iad.aaaaaaaaq7qhfi6ixd4zjutdmb6mns7orazkdfes5lj27rkb2gjweyaf6mia",
                            "state": "AVAILABLE",
                            "time_created": "2019-04-04 14:07:51.265 +0000 UTC",
                            "vcn_id": "ocid1.vcn.oc1.iad.aaaaaaaahn5g5higwdin7msakbpw2madq7ifuist6ufegzmqiecpyivus7ha"
                        },
                        "meta": {
                            "e2bfb730-ecaa-11e6-8f88-34363bc7c4c0": {
                                "create": 900000000000,
                                "delete": 900000000000,
                                "update": 900000000000
                            }
                        },
                        "tainted": false
                    },
                    "deposed": [],
                    "provider": "provider.oci"
                },
                "oci_core_subnet.tajSN": {
                    "type": "oci_core_subnet",
                    "depends_on": [
                        "data.oci_identity_availability_domains.ADs",
                        "oci_core_route_table.tajRT",
                        "oci_core_virtual_network.tajVCN"
                    ],
                    "primary": {
                        "id": "ocid1.subnet.oc1.iad.aaaaaaaah2dsaxh4tdmoyjvua4oqey2etfqxfwe4g3uxwo3toazdnnertfoq",
                        "attributes": {
                            "availability_domain": "WSQk:US-ASHBURN-AD-1",
                            "cidr_block": "10.1.20.0/24",
                            "compartment_id": "ocid1.compartment.oc1..aaaaaaaah6bhuexqjierslp6reh5547abhetzvjjkwwotizuz2bmuaedgp4a",
                            "defined_tags.%": "0",
                            "dhcp_options_id": "ocid1.dhcpoptions.oc1.iad.aaaaaaaapjrbecry4pq6qjisinm6dywsk6jr27xoqh7dnc7d2hkecwl2jjtq",
                            "display_name": "tajSN",
                            "dns_label": "tajsn",
                            "freeform_tags.%": "0",
                            "id": "ocid1.subnet.oc1.iad.aaaaaaaah2dsaxh4tdmoyjvua4oqey2etfqxfwe4g3uxwo3toazdnnertfoq",
                            "prohibit_public_ip_on_vnic": "false",
                            "route_table_id": "ocid1.routetable.oc1.iad.aaaaaaaauyoptgmndgxgqtcgtqzjofkfrfqxnyht6373ejmuy3y4xfamvphq",
                            "security_list_ids.#": "1",
                            "security_list_ids.3426773862": "ocid1.securitylist.oc1.iad.aaaaaaaaydaga7chp7fbaks5a6cjquvr33lxex5gtwvj4ofq5syz2xk63xta",
                            "state": "AVAILABLE",
                            "subnet_domain_name": "tajsn.tajvcn.oraclevcn.com",
                            "time_created": "2019-04-04 14:07:51.589 +0000 UTC",
                            "vcn_id": "ocid1.vcn.oc1.iad.aaaaaaaahn5g5higwdin7msakbpw2madq7ifuist6ufegzmqiecpyivus7ha",
                            "virtual_router_ip": "10.1.20.1",
                            "virtual_router_mac": "00:00:17:5F:F7:32"
                        },
                        "meta": {
                            "e2bfb730-ecaa-11e6-8f88-34363bc7c4c0": {
                                "create": 900000000000,
                                "delete": 900000000000,
                                "update": 900000000000
                            }
                        },
                        "tainted": false
                    },
                    "deposed": [],
                    "provider": "provider.oci"
                },
                "oci_core_virtual_network.tajVCN": {
                    "type": "oci_core_virtual_network",
                    "depends_on": [],
                    "primary": {
                        "id": "ocid1.vcn.oc1.iad.aaaaaaaahn5g5higwdin7msakbpw2madq7ifuist6ufegzmqiecpyivus7ha",
                        "attributes": {
                            "cidr_block": "10.1.0.0/16",
                            "compartment_id": "ocid1.compartment.oc1..aaaaaaaah6bhuexqjierslp6reh5547abhetzvjjkwwotizuz2bmuaedgp4a",
                            "default_dhcp_options_id": "ocid1.dhcpoptions.oc1.iad.aaaaaaaapjrbecry4pq6qjisinm6dywsk6jr27xoqh7dnc7d2hkecwl2jjtq",
                            "default_route_table_id": "ocid1.routetable.oc1.iad.aaaaaaaasdpn6voiks5lm7xf5ajjbggk6g7vzhubkyjf7dyeh5azrh3g5eaq",
                            "default_security_list_id": "ocid1.securitylist.oc1.iad.aaaaaaaaydaga7chp7fbaks5a6cjquvr33lxex5gtwvj4ofq5syz2xk63xta",
                            "defined_tags.%": "0",
                            "display_name": "tajVCN",
                            "dns_label": "tajvcn",
                            "freeform_tags.%": "0",
                            "id": "ocid1.vcn.oc1.iad.aaaaaaaahn5g5higwdin7msakbpw2madq7ifuist6ufegzmqiecpyivus7ha",
                            "state": "AVAILABLE",
                            "time_created": "2019-04-04 14:07:50.669 +0000 UTC",
                            "vcn_domain_name": "tajvcn.oraclevcn.com"
                        },
                        "meta": {
                            "e2bfb730-ecaa-11e6-8f88-34363bc7c4c0": {
                                "create": 900000000000,
                                "delete": 900000000000,
                                "update": 900000000000
                            }
                        },
                        "tainted": false
                    },
                    "deposed": [],
                    "provider": "provider.oci"
                }
            },
            "depends_on": []
        }
    ]
}
