{
    "version": 3,
    "terraform_version": "0.11.8",
    "serial": 15,
    "lineage": "120d89eb-87ce-0b86-2afa-161a32fff409",
    "modules": [
        {
            "path": [
                "root"
            ],
            "outputs": {},
            "resources": {
                "data.oci_identity_availability_domains.ADs": {
                    "type": "oci_identity_availability_domains",
                    "depends_on": [],
                    "primary": {
                        "id": "2019-04-11 18:44:23.458156 +0000 UTC",
                        "attributes": {
                            "availability_domains.#": "3",
                            "availability_domains.0.compartment_id": "ocid1.tenancy.oc1..aaaaaaaa5txfxrudc5ezitovlpjznw6b3l6sqvkzddepsfu4es2i4x2xyeia",
                            "availability_domains.0.name": "WSQk:US-ASHBURN-AD-1",
                            "availability_domains.1.compartment_id": "ocid1.tenancy.oc1..aaaaaaaa5txfxrudc5ezitovlpjznw6b3l6sqvkzddepsfu4es2i4x2xyeia",
                            "availability_domains.1.name": "WSQk:US-ASHBURN-AD-2",
                            "availability_domains.2.compartment_id": "ocid1.tenancy.oc1..aaaaaaaa5txfxrudc5ezitovlpjznw6b3l6sqvkzddepsfu4es2i4x2xyeia",
                            "availability_domains.2.name": "WSQk:US-ASHBURN-AD-3",
                            "compartment_id": "ocid1.tenancy.oc1..aaaaaaaa5txfxrudc5ezitovlpjznw6b3l6sqvkzddepsfu4es2i4x2xyeia",
                            "id": "2019-04-11 18:44:23.458156 +0000 UTC"
                        },
                        "meta": {},
                        "tainted": false
                    },
                    "deposed": [],
                    "provider": "provider.oci"
                },
                "oci_core_instance.tajVM": {
                    "type": "oci_core_instance",
                    "depends_on": [
                        "data.oci_identity_availability_domains.ADs",
                        "oci_core_subnet.tajSN"
                    ],
                    "primary": {
                        "id": "ocid1.instance.oc1.iad.abuwcljrgp47lc5pso7d7gurclkrxlid6ckzzjybvhg4ibqlulenxgasbaha",
                        "attributes": {
                            "availability_domain": "WSQk:US-ASHBURN-AD-2",
                            "boot_volume_id": "ocid1.bootvolume.oc1.iad.abuwcljr5an2ilxikxzydis7vqeynosa24djtuyy2seiapvbccbulzfs4m7a",
                            "compartment_id": "ocid1.compartment.oc1..aaaaaaaaseo4aolyjd5ndfifkexmsu3bfweiko2to74lbru6x4djkmzz2d5q",
                            "create_vnic_details.#": "1",
                            "create_vnic_details.0.assign_public_ip": "true",
                            "create_vnic_details.0.defined_tags.%": "0",
                            "create_vnic_details.0.display_name": "primaryvnic",
                            "create_vnic_details.0.freeform_tags.%": "0",
                            "create_vnic_details.0.hostname_label": "tajvm",
                            "create_vnic_details.0.private_ip": "10.1.20.2",
                            "create_vnic_details.0.skip_source_dest_check": "false",
                            "create_vnic_details.0.subnet_id": "ocid1.subnet.oc1.iad.aaaaaaaadlpisaghp42o5qs3lc7zepmx3bgag7iow3tms3cxflkmtzakuy6q",
                            "defined_tags.%": "0",
                            "display_name": "tajVM",
                            "fault_domain": "FAULT-DOMAIN-1",
                            "freeform_tags.%": "0",
                            "hostname_label": "tajvm",
                            "id": "ocid1.instance.oc1.iad.abuwcljrgp47lc5pso7d7gurclkrxlid6ckzzjybvhg4ibqlulenxgasbaha",
                            "image": "ocid1.image.oc1.iad.aaaaaaaavzrrzlq2zvj5fd5c27jed7fwou5aqkezxbtmys4aolls54zg7f7q",
                            "launch_mode": "NATIVE",
                            "launch_options.#": "1",
                            "launch_options.0.boot_volume_type": "PARAVIRTUALIZED",
                            "launch_options.0.firmware": "UEFI_64",
                            "launch_options.0.network_type": "VFIO",
                            "launch_options.0.remote_data_volume_type": "PARAVIRTUALIZED",
                            "metadata.%": "2",
                            "metadata.ssh_authorized_keys": "ssh-rsa AAAAB3NzaC1yc2EAAAADAQABAAABAQC4cDLxyckU2hPenR56aaTIy0lthVTKbrm4LImhNKQKIZN3JmaWfTd6RmzJk2XuBnxZH0VLU2rlI3Et++tvD/FMrBxn1HQWfCZjfM1gTsZJKnFc9Ows14H7u/ux+QRZDT57077CUcYna0iKTh7yEeH4f+ekrdQP4z7Ui82b8iFO0p0khvvlwzTTMP5Vqj2Q5XN5jVGYzYi2LjwLYZVVUgv5SkVRYWzV9msFlO4+mVUH096rCWtiGV0vfMEfueie48YHAIObb1UERgUbhHoLaKjuwL3InFZCQc4Xtcx9pqx5znTgc5k6ZjmuHS5jzLxV5qdid0zXERUwWLAET23X0MuX jushahid@Junaids-MacBook-Pro.local",
                            "metadata.user_data": "IyAjIS9iaW4vYmFzaA0KIyB0b3VjaCAvcm9vdC9zdGFydGluZ19ydW4NCiMgeXVtIHVwZGF0ZSAteQ0KIyB0b3VjaCAvcm9vdC9ydW5fY29tcGxldGUNCg==",
                            "private_ip": "10.1.20.2",
                            "public_ip": "129.213.91.50",
                            "region": "iad",
                            "shape": "VM.Standard2.1",
                            "source_details.#": "1",
                            "source_details.0.boot_volume_size_in_gbs": "47",
                            "source_details.0.source_id": "ocid1.image.oc1.iad.aaaaaaaavzrrzlq2zvj5fd5c27jed7fwou5aqkezxbtmys4aolls54zg7f7q",
                            "source_details.0.source_type": "image",
                            "state": "RUNNING",
                            "subnet_id": "ocid1.subnet.oc1.iad.aaaaaaaadlpisaghp42o5qs3lc7zepmx3bgag7iow3tms3cxflkmtzakuy6q",
                            "time_created": "2019-04-10 16:41:30.553 +0000 UTC"
                        },
                        "meta": {
                            "e2bfb730-ecaa-11e6-8f88-34363bc7c4c0": {
                                "create": 3600000000000,
                                "delete": 7200000000000,
                                "update": 7200000000000
                            }
                        },
                        "tainted": false
                    },
                    "deposed": [],
                    "provider": "provider.oci"
                },
                "oci_core_internet_gateway.tajIG": {
                    "type": "oci_core_internet_gateway",
                    "depends_on": [
                        "oci_core_virtual_network.tajVCN"
                    ],
                    "primary": {
                        "id": "ocid1.internetgateway.oc1.iad.aaaaaaaa5r7tq4izeydt6ftkupgpqn6c4rix7fvfhrkz6rrapx26hzitx4fq",
                        "attributes": {
                            "compartment_id": "ocid1.compartment.oc1..aaaaaaaaseo4aolyjd5ndfifkexmsu3bfweiko2to74lbru6x4djkmzz2d5q",
                            "defined_tags.%": "0",
                            "display_name": "tajIG",
                            "enabled": "true",
                            "freeform_tags.%": "0",
                            "id": "ocid1.internetgateway.oc1.iad.aaaaaaaa5r7tq4izeydt6ftkupgpqn6c4rix7fvfhrkz6rrapx26hzitx4fq",
                            "state": "AVAILABLE",
                            "time_created": "2019-04-10 16:35:54.466 +0000 UTC",
                            "vcn_id": "ocid1.vcn.oc1.iad.aaaaaaaaimrlslpf2vfy6dog2bq453lx3b5t5lg2h3th2ojhmmjhur6flhaq"
                        },
                        "meta": {
                            "e2bfb730-ecaa-11e6-8f88-34363bc7c4c0": {
                                "create": 900000000000,
                                "delete": 900000000000,
                                "update": 900000000000
                            }
                        },
                        "tainted": false
                    },
                    "deposed": [],
                    "provider": "provider.oci"
                },
                "oci_core_route_table.tajRT": {
                    "type": "oci_core_route_table",
                    "depends_on": [
                        "oci_core_internet_gateway.tajIG",
                        "oci_core_virtual_network.tajVCN"
                    ],
                    "primary": {
                        "id": "ocid1.routetable.oc1.iad.aaaaaaaabd3iuk4ahxrkys34t5dndchwjwjxas32le3y5bvcuxchz5pennca",
                        "attributes": {
                            "compartment_id": "ocid1.compartment.oc1..aaaaaaaaseo4aolyjd5ndfifkexmsu3bfweiko2to74lbru6x4djkmzz2d5q",
                            "defined_tags.%": "0",
                            "display_name": "tajRT",
                            "freeform_tags.%": "0",
                            "id": "ocid1.routetable.oc1.iad.aaaaaaaabd3iuk4ahxrkys34t5dndchwjwjxas32le3y5bvcuxchz5pennca",
                            "route_rules.#": "1",
                            "route_rules.1985096332.cidr_block": "0.0.0.0/0",
                            "route_rules.1985096332.destination": "0.0.0.0/0",
                            "route_rules.1985096332.destination_type": "CIDR_BLOCK",
                            "route_rules.1985096332.network_entity_id": "ocid1.internetgateway.oc1.iad.aaaaaaaa5r7tq4izeydt6ftkupgpqn6c4rix7fvfhrkz6rrapx26hzitx4fq",
                            "state": "AVAILABLE",
                            "time_created": "2019-04-10 16:35:54.789 +0000 UTC",
                            "vcn_id": "ocid1.vcn.oc1.iad.aaaaaaaaimrlslpf2vfy6dog2bq453lx3b5t5lg2h3th2ojhmmjhur6flhaq"
                        },
                        "meta": {
                            "e2bfb730-ecaa-11e6-8f88-34363bc7c4c0": {
                                "create": 900000000000,
                                "delete": 900000000000,
                                "update": 900000000000
                            }
                        },
                        "tainted": false
                    },
                    "deposed": [],
                    "provider": "provider.oci"
                },
                "oci_core_security_list.tajSL": {
                    "type": "oci_core_security_list",
                    "depends_on": [
                        "oci_core_virtual_network.tajVCN"
                    ],
                    "primary": {
                        "id": "ocid1.securitylist.oc1.iad.aaaaaaaan7n3noub7sy2gkxpdx3k7nz4qmsjug3hewoywagohmhfiuefkvaq",
                        "attributes": {
                            "compartment_id": "ocid1.compartment.oc1..aaaaaaaaseo4aolyjd5ndfifkexmsu3bfweiko2to74lbru6x4djkmzz2d5q",
                            "defined_tags.%": "0",
                            "display_name": "tajSL",
                            "egress_security_rules.#": "1",
                            "egress_security_rules.1582479153.destination": "0.0.0.0/0",
                            "egress_security_rules.1582479153.destination_type": "CIDR_BLOCK",
                            "egress_security_rules.1582479153.icmp_options.#": "0",
                            "egress_security_rules.1582479153.protocol": "all",
                            "egress_security_rules.1582479153.stateless": "false",
                            "egress_security_rules.1582479153.tcp_options.#": "0",
                            "egress_security_rules.1582479153.udp_options.#": "0",
                            "freeform_tags.%": "0",
                            "id": "ocid1.securitylist.oc1.iad.aaaaaaaan7n3noub7sy2gkxpdx3k7nz4qmsjug3hewoywagohmhfiuefkvaq",
                            "ingress_security_rules.#": "5",
                            "ingress_security_rules.1277982996.icmp_options.#": "1",
                            "ingress_security_rules.1277982996.icmp_options.0.code": "4",
                            "ingress_security_rules.1277982996.icmp_options.0.type": "3",
                            "ingress_security_rules.1277982996.protocol": "1",
                            "ingress_security_rules.1277982996.source": "0.0.0.0/0",
                            "ingress_security_rules.1277982996.source_type": "CIDR_BLOCK",
                            "ingress_security_rules.1277982996.stateless": "false",
                            "ingress_security_rules.1277982996.tcp_options.#": "0",
                            "ingress_security_rules.1277982996.udp_options.#": "0",
                            "ingress_security_rules.3861548008.icmp_options.#": "0",
                            "ingress_security_rules.3861548008.protocol": "6",
                            "ingress_security_rules.3861548008.source": "0.0.0.0/0",
                            "ingress_security_rules.3861548008.source_type": "CIDR_BLOCK",
                            "ingress_security_rules.3861548008.stateless": "false",
                            "ingress_security_rules.3861548008.tcp_options.#": "1",
                            "ingress_security_rules.3861548008.tcp_options.0.max": "80",
                            "ingress_security_rules.3861548008.tcp_options.0.min": "80",
                            "ingress_security_rules.3861548008.tcp_options.0.source_port_range.#": "0",
                            "ingress_security_rules.3861548008.udp_options.#": "0",
                            "ingress_security_rules.47193274.icmp_options.#": "0",
                            "ingress_security_rules.47193274.protocol": "6",
                            "ingress_security_rules.47193274.source": "0.0.0.0/0",
                            "ingress_security_rules.47193274.source_type": "CIDR_BLOCK",
                            "ingress_security_rules.47193274.stateless": "false",
                            "ingress_security_rules.47193274.tcp_options.#": "1",
                            "ingress_security_rules.47193274.tcp_options.0.max": "22",
                            "ingress_security_rules.47193274.tcp_options.0.min": "22",
                            "ingress_security_rules.47193274.tcp_options.0.source_port_range.#": "0",
                            "ingress_security_rules.47193274.udp_options.#": "0",
                            "ingress_security_rules.746707399.icmp_options.#": "0",
                            "ingress_security_rules.746707399.protocol": "6",
                            "ingress_security_rules.746707399.source": "0.0.0.0/0",
                            "ingress_security_rules.746707399.source_type": "CIDR_BLOCK",
                            "ingress_security_rules.746707399.stateless": "false",
                            "ingress_security_rules.746707399.tcp_options.#": "1",
                            "ingress_security_rules.746707399.tcp_options.0.max": "8888",
                            "ingress_security_rules.746707399.tcp_options.0.min": "8888",
                            "ingress_security_rules.746707399.tcp_options.0.source_port_range.#": "0",
                            "ingress_security_rules.746707399.udp_options.#": "0",
                            "ingress_security_rules.918525990.icmp_options.#": "1",
                            "ingress_security_rules.918525990.icmp_options.0.code": "4",
                            "ingress_security_rules.918525990.icmp_options.0.type": "3",
                            "ingress_security_rules.918525990.protocol": "1",
                            "ingress_security_rules.918525990.source": "10.0.0.0/16",
                            "ingress_security_rules.918525990.source_type": "CIDR_BLOCK",
                            "ingress_security_rules.918525990.stateless": "false",
                            "ingress_security_rules.918525990.tcp_options.#": "0",
                            "ingress_security_rules.918525990.udp_options.#": "0",
                            "state": "AVAILABLE",
                            "time_created": "2019-04-10 16:37:13.145 +0000 UTC",
                            "vcn_id": "ocid1.vcn.oc1.iad.aaaaaaaaimrlslpf2vfy6dog2bq453lx3b5t5lg2h3th2ojhmmjhur6flhaq"
                        },
                        "meta": {
                            "e2bfb730-ecaa-11e6-8f88-34363bc7c4c0": {
                                "create": 900000000000,
                                "delete": 900000000000,
                                "update": 900000000000
                            }
                        },
                        "tainted": false
                    },
                    "deposed": [],
                    "provider": "provider.oci"
                },
                "oci_core_subnet.tajSN": {
                    "type": "oci_core_subnet",
                    "depends_on": [
                        "data.oci_identity_availability_domains.ADs",
                        "oci_core_route_table.tajRT",
                        "oci_core_security_list.tajSL",
                        "oci_core_virtual_network.tajVCN"
                    ],
                    "primary": {
                        "id": "ocid1.subnet.oc1.iad.aaaaaaaadlpisaghp42o5qs3lc7zepmx3bgag7iow3tms3cxflkmtzakuy6q",
                        "attributes": {
                            "availability_domain": "WSQk:US-ASHBURN-AD-2",
                            "cidr_block": "10.1.20.0/24",
                            "compartment_id": "ocid1.compartment.oc1..aaaaaaaaseo4aolyjd5ndfifkexmsu3bfweiko2to74lbru6x4djkmzz2d5q",
                            "defined_tags.%": "0",
                            "dhcp_options_id": "ocid1.dhcpoptions.oc1.iad.aaaaaaaa3uy5yyv3ussvh2fgd5g6mkhqs7luxhpodeg3w7p5ilckq3xysnra",
                            "display_name": "tajSN",
                            "dns_label": "tajsn",
                            "freeform_tags.%": "0",
                            "id": "ocid1.subnet.oc1.iad.aaaaaaaadlpisaghp42o5qs3lc7zepmx3bgag7iow3tms3cxflkmtzakuy6q",
                            "prohibit_public_ip_on_vnic": "false",
                            "route_table_id": "ocid1.routetable.oc1.iad.aaaaaaaabd3iuk4ahxrkys34t5dndchwjwjxas32le3y5bvcuxchz5pennca",
                            "security_list_ids.#": "1",
                            "security_list_ids.1495465532": "ocid1.securitylist.oc1.iad.aaaaaaaan7n3noub7sy2gkxpdx3k7nz4qmsjug3hewoywagohmhfiuefkvaq",
                            "state": "AVAILABLE",
                            "subnet_domain_name": "tajsn.tajvcn.oraclevcn.com",
                            "time_created": "2019-04-10 16:37:13.562 +0000 UTC",
                            "vcn_id": "ocid1.vcn.oc1.iad.aaaaaaaaimrlslpf2vfy6dog2bq453lx3b5t5lg2h3th2ojhmmjhur6flhaq",
                            "virtual_router_ip": "10.1.20.1",
                            "virtual_router_mac": "00:00:17:6F:E3:49"
                        },
                        "meta": {
                            "e2bfb730-ecaa-11e6-8f88-34363bc7c4c0": {
                                "create": 900000000000,
                                "delete": 900000000000,
                                "update": 900000000000
                            }
                        },
                        "tainted": false
                    },
                    "deposed": [],
                    "provider": "provider.oci"
                },
                "oci_core_virtual_network.tajVCN": {
                    "type": "oci_core_virtual_network",
                    "depends_on": [],
                    "primary": {
                        "id": "ocid1.vcn.oc1.iad.aaaaaaaaimrlslpf2vfy6dog2bq453lx3b5t5lg2h3th2ojhmmjhur6flhaq",
                        "attributes": {
                            "cidr_block": "10.1.0.0/16",
                            "compartment_id": "ocid1.compartment.oc1..aaaaaaaaseo4aolyjd5ndfifkexmsu3bfweiko2to74lbru6x4djkmzz2d5q",
                            "default_dhcp_options_id": "ocid1.dhcpoptions.oc1.iad.aaaaaaaa3uy5yyv3ussvh2fgd5g6mkhqs7luxhpodeg3w7p5ilckq3xysnra",
                            "default_route_table_id": "ocid1.routetable.oc1.iad.aaaaaaaadyvu2cl46ak763m7oult6z7oggiwycsge3bisvjkgcfnnx3jykba",
                            "default_security_list_id": "ocid1.securitylist.oc1.iad.aaaaaaaaenaj7ej33h4mbv3qqypokivsqxi6w54o6qw4s5jptk6ziggdlqda",
                            "defined_tags.%": "0",
                            "display_name": "tajVCN",
                            "dns_label": "tajvcn",
                            "freeform_tags.%": "0",
                            "id": "ocid1.vcn.oc1.iad.aaaaaaaaimrlslpf2vfy6dog2bq453lx3b5t5lg2h3th2ojhmmjhur6flhaq",
                            "state": "AVAILABLE",
                            "time_created": "2019-04-10 16:35:53.856 +0000 UTC",
                            "vcn_domain_name": "tajvcn.oraclevcn.com"
                        },
                        "meta": {
                            "e2bfb730-ecaa-11e6-8f88-34363bc7c4c0": {
                                "create": 900000000000,
                                "delete": 900000000000,
                                "update": 900000000000
                            }
                        },
                        "tainted": false
                    },
                    "deposed": [],
                    "provider": "provider.oci"
                }
            },
            "depends_on": []
        }
    ]
}
